
Microsoft Visual Studio Solution File, Format Version 12.00
# Visual Studio 15
Project("{FAE04EC0-301F-11D3-BF4B-00C04F79EFBC}") = "KTaNEModTemplate", "KTaNEModTemplate.csproj", "{8D083309-D760-09E6-9766-F3B670591C14}"
EndProject
Project("{FAE04EC0-301F-11D3-BF4B-00C04F79EFBC}") = "KTaNEModTemplate.Editor", "KTaNEModTemplate.Editor.csproj", "{1CAA8831-880B-7C3C-3CB1-4431B6B3B27C}"
EndProject
Global
	GlobalSection(SolutionConfigurationPlatforms) = preSolution
		Debug|Any CPU = Debug|Any CPU
		Release|Any CPU = Release|Any CPU
	EndGlobalSection
	GlobalSection(ProjectConfigurationPlatforms) = postSolution
		{8D083309-D760-09E6-9766-F3B670591C14}.Debug|Any CPU.ActiveCfg = Debug|Any CPU
		{8D083309-D760-09E6-9766-F3B670591C14}.Debug|Any CPU.Build.0 = Debug|Any CPU
		{8D083309-D760-09E6-9766-F3B670591C14}.Release|Any CPU.ActiveCfg = Release|Any CPU
		{8D083309-D760-09E6-9766-F3B670591C14}.Release|Any CPU.Build.0 = Release|Any CPU
		{1CAA8831-880B-7C3C-3CB1-4431B6B3B27C}.Debug|Any CPU.ActiveCfg = Debug|Any CPU
		{1CAA8831-880B-7C3C-3CB1-4431B6B3B27C}.Debug|Any CPU.Build.0 = Debug|Any CPU
		{1CAA8831-880B-7C3C-3CB1-4431B6B3B27C}.Release|Any CPU.ActiveCfg = Release|Any CPU
		{1CAA8831-880B-7C3C-3CB1-4431B6B3B27C}.Release|Any CPU.Build.0 = Release|Any CPU
	EndGlobalSection
	GlobalSection(SolutionProperties) = preSolution
		HideSolutionNode = FALSE
	EndGlobalSection
EndGlobal
